
Microsoft Visual Studio Solution File, Format Version 10.00
# Visual Studio 2008
Project("{54435603-DBB4-11D2-8724-00A0C9A8B90C}") = "GlycoFragWorkInstaller", "GlycoFragWorkInstaller\GlycoFragWorkInstaller.vdproj", "{32F1D417-7CBD-4D73-9245-C371917E27D7}"
EndProject
Project("{FAE04EC0-301F-11D3-BF4B-00C04F79EFBC}") = "GlycoFragworkConsole", "GlycoFragworkConsole\GlycoFragworkConsole.csproj", "{0796C699-0A4D-47DC-BFE2-45D8304E4D99}"
EndProject
Project("{FAE04EC0-301F-11D3-BF4B-00C04F79EFBC}") = "GlycoFragworkDLL", "GlycoFragworkDLL\GlycoFragworkDLL.csproj", "{F1107C69-7901-4B7A-A034-28CF67D1EB67}"
EndProject
Global
	GlobalSection(SolutionConfigurationPlatforms) = preSolution
		Debug|Any CPU = Debug|Any CPU
		Release|Any CPU = Release|Any CPU
	EndGlobalSection
	GlobalSection(ProjectConfigurationPlatforms) = postSolution
		{32F1D417-7CBD-4D73-9245-C371917E27D7}.Debug|Any CPU.ActiveCfg = Debug
		{32F1D417-7CBD-4D73-9245-C371917E27D7}.Release|Any CPU.ActiveCfg = Release
		{0796C699-0A4D-47DC-BFE2-45D8304E4D99}.Debug|Any CPU.ActiveCfg = Debug|Any CPU
		{0796C699-0A4D-47DC-BFE2-45D8304E4D99}.Debug|Any CPU.Build.0 = Debug|Any CPU
		{0796C699-0A4D-47DC-BFE2-45D8304E4D99}.Release|Any CPU.ActiveCfg = Release|Any CPU
		{0796C699-0A4D-47DC-BFE2-45D8304E4D99}.Release|Any CPU.Build.0 = Release|Any CPU
		{F1107C69-7901-4B7A-A034-28CF67D1EB67}.Debug|Any CPU.ActiveCfg = Debug|Any CPU
		{F1107C69-7901-4B7A-A034-28CF67D1EB67}.Debug|Any CPU.Build.0 = Debug|Any CPU
		{F1107C69-7901-4B7A-A034-28CF67D1EB67}.Release|Any CPU.ActiveCfg = Release|Any CPU
		{F1107C69-7901-4B7A-A034-28CF67D1EB67}.Release|Any CPU.Build.0 = Release|Any CPU
	EndGlobalSection
	GlobalSection(SolutionProperties) = preSolution
		HideSolutionNode = FALSE
	EndGlobalSection
EndGlobal
